// !$*UTF8*$!
{
	archiveVersion = 1;
	classes = {
	};
	objectVersion = 50;
	objects = {

/* Begin PBXBuildFile section */
		9542337622E1FD4100F02F10 /* TextureManager.cpp in Sources */ = {isa = PBXBuildFile; fileRef = 9542337422E1FD4100F02F10 /* TextureManager.cpp */; };
		9542337922E2013E00F02F10 /* GameObject.cpp in Sources */ = {isa = PBXBuildFile; fileRef = 9542337722E2013E00F02F10 /* GameObject.cpp */; };
		9542337C22E23D3900F02F10 /* Map.cpp in Sources */ = {isa = PBXBuildFile; fileRef = 9542337A22E23D3900F02F10 /* Map.cpp */; };
		9542338222E2776500F02F10 /* Components.hpp in Sources */ = {isa = PBXBuildFile; fileRef = 9542338022E2776500F02F10 /* Components.hpp */; };
		9542338822E3BADE00F02F10 /* Vector2D.cpp in Sources */ = {isa = PBXBuildFile; fileRef = 9542338622E3BADE00F02F10 /* Vector2D.cpp */; };
		95C53A2922DCBB9E002912C4 /* main.cpp in Sources */ = {isa = PBXBuildFile; fileRef = 95C53A2822DCBB9E002912C4 /* main.cpp */; };
		95C53A3122DCBD26002912C4 /* libSDL2-2.0.0.dylib in Frameworks */ = {isa = PBXBuildFile; fileRef = 95C53A3022DCBD26002912C4 /* libSDL2-2.0.0.dylib */; };
		95C53A3322DE36D6002912C4 /* libSDL2_image-2.0.0.dylib in Frameworks */ = {isa = PBXBuildFile; fileRef = 95C53A3222DE36D6002912C4 /* libSDL2_image-2.0.0.dylib */; };
		95C53A3622E0AC25002912C4 /* Game.cpp in Sources */ = {isa = PBXBuildFile; fileRef = 95C53A3422E0AC25002912C4 /* Game.cpp */; };
/* End PBXBuildFile section */

/* Begin PBXCopyFilesBuildPhase section */
		95C53A2322DCBB9E002912C4 /* CopyFiles */ = {
			isa = PBXCopyFilesBuildPhase;
			buildActionMask = 2147483647;
			dstPath = /usr/share/man/man1/;
			dstSubfolderSpec = 0;
			files = (
			);
			runOnlyForDeploymentPostprocessing = 1;
		};
/* End PBXCopyFilesBuildPhase section */

/* Begin PBXFileReference section */
		9542337422E1FD4100F02F10 /* TextureManager.cpp */ = {isa = PBXFileReference; lastKnownFileType = sourcecode.cpp.cpp; path = TextureManager.cpp; sourceTree = "<group>"; };
		9542337522E1FD4100F02F10 /* TextureManager.hpp */ = {isa = PBXFileReference; lastKnownFileType = sourcecode.cpp.h; path = TextureManager.hpp; sourceTree = "<group>"; };
		9542337722E2013E00F02F10 /* GameObject.cpp */ = {isa = PBXFileReference; lastKnownFileType = sourcecode.cpp.cpp; path = GameObject.cpp; sourceTree = "<group>"; };
		9542337822E2013E00F02F10 /* GameObject.hpp */ = {isa = PBXFileReference; lastKnownFileType = sourcecode.cpp.h; path = GameObject.hpp; sourceTree = "<group>"; };
		9542337A22E23D3900F02F10 /* Map.cpp */ = {isa = PBXFileReference; lastKnownFileType = sourcecode.cpp.cpp; path = Map.cpp; sourceTree = "<group>"; };
		9542337B22E23D3900F02F10 /* Map.hpp */ = {isa = PBXFileReference; lastKnownFileType = sourcecode.cpp.h; path = Map.hpp; sourceTree = "<group>"; };
		9542337E22E2483300F02F10 /* Assets */ = {isa = PBXFileReference; lastKnownFileType = folder; path = Assets; sourceTree = "<group>"; };
		9542338022E2776500F02F10 /* Components.hpp */ = {isa = PBXFileReference; lastKnownFileType = sourcecode.cpp.h; path = Components.hpp; sourceTree = "<group>"; };
		9542338122E2776500F02F10 /* ECS.hpp */ = {isa = PBXFileReference; lastKnownFileType = sourcecode.cpp.h; path = ECS.hpp; sourceTree = "<group>"; };
		9542338422E3AC1D00F02F10 /* SpriteComponent.hpp */ = {isa = PBXFileReference; lastKnownFileType = sourcecode.cpp.h; path = SpriteComponent.hpp; sourceTree = "<group>"; };
		9542338522E3AC8800F02F10 /* TransformComponent.hpp */ = {isa = PBXFileReference; lastKnownFileType = sourcecode.cpp.h; path = TransformComponent.hpp; sourceTree = "<group>"; };
		9542338622E3BADE00F02F10 /* Vector2D.cpp */ = {isa = PBXFileReference; lastKnownFileType = sourcecode.cpp.cpp; path = Vector2D.cpp; sourceTree = "<group>"; };
		9542338722E3BADE00F02F10 /* Vector2D.hpp */ = {isa = PBXFileReference; lastKnownFileType = sourcecode.cpp.h; path = Vector2D.hpp; sourceTree = "<group>"; };
		95C53A2522DCBB9E002912C4 /* FunGame */ = {isa = PBXFileReference; explicitFileType = "compiled.mach-o.executable"; includeInIndex = 0; path = FunGame; sourceTree = BUILT_PRODUCTS_DIR; };
		95C53A2822DCBB9E002912C4 /* main.cpp */ = {isa = PBXFileReference; lastKnownFileType = sourcecode.cpp.cpp; path = main.cpp; sourceTree = "<group>"; };
		95C53A3022DCBD26002912C4 /* libSDL2-2.0.0.dylib */ = {isa = PBXFileReference; lastKnownFileType = "compiled.mach-o.dylib"; name = "libSDL2-2.0.0.dylib"; path = "../../../../../usr/local/Cellar/sdl2/2.0.9_1/lib/libSDL2-2.0.0.dylib"; sourceTree = "<group>"; };
		95C53A3222DE36D6002912C4 /* libSDL2_image-2.0.0.dylib */ = {isa = PBXFileReference; lastKnownFileType = "compiled.mach-o.dylib"; name = "libSDL2_image-2.0.0.dylib"; path = "../../../../../usr/local/Cellar/sdl2_image/2.0.4/lib/libSDL2_image-2.0.0.dylib"; sourceTree = "<group>"; };
		95C53A3422E0AC25002912C4 /* Game.cpp */ = {isa = PBXFileReference; lastKnownFileType = sourcecode.cpp.cpp; path = Game.cpp; sourceTree = "<group>"; };
		95C53A3522E0AC25002912C4 /* Game.hpp */ = {isa = PBXFileReference; lastKnownFileType = sourcecode.cpp.h; path = Game.hpp; sourceTree = "<group>"; };
/* End PBXFileReference section */

/* Begin PBXFrameworksBuildPhase section */
		95C53A2222DCBB9E002912C4 /* Frameworks */ = {
			isa = PBXFrameworksBuildPhase;
			buildActionMask = 2147483647;
			files = (
				95C53A3322DE36D6002912C4 /* libSDL2_image-2.0.0.dylib in Frameworks */,
				95C53A3122DCBD26002912C4 /* libSDL2-2.0.0.dylib in Frameworks */,
			);
			runOnlyForDeploymentPostprocessing = 0;
		};
/* End PBXFrameworksBuildPhase section */

/* Begin PBXGroup section */
		9542338322E3AADA00F02F10 /* ECS */ = {
			isa = PBXGroup;
			children = (
				9542338022E2776500F02F10 /* Components.hpp */,
				9542338122E2776500F02F10 /* ECS.hpp */,
				9542338422E3AC1D00F02F10 /* SpriteComponent.hpp */,
				9542338522E3AC8800F02F10 /* TransformComponent.hpp */,
			);
			path = ECS;
			sourceTree = "<group>";
		};
		95C53A1C22DCBB9E002912C4 = {
			isa = PBXGroup;
			children = (
				9542337E22E2483300F02F10 /* Assets */,
				95C53A2722DCBB9E002912C4 /* FunGame */,
				95C53A2622DCBB9E002912C4 /* Products */,
				95C53A2F22DCBD26002912C4 /* Frameworks */,
			);
			sourceTree = "<group>";
		};
		95C53A2622DCBB9E002912C4 /* Products */ = {
			isa = PBXGroup;
			children = (
				95C53A2522DCBB9E002912C4 /* FunGame */,
			);
			name = Products;
			sourceTree = "<group>";
		};
		95C53A2722DCBB9E002912C4 /* FunGame */ = {
			isa = PBXGroup;
			children = (
				9542338322E3AADA00F02F10 /* ECS */,
				95C53A2822DCBB9E002912C4 /* main.cpp */,
				95C53A3422E0AC25002912C4 /* Game.cpp */,
				95C53A3522E0AC25002912C4 /* Game.hpp */,
				9542337422E1FD4100F02F10 /* TextureManager.cpp */,
				9542337522E1FD4100F02F10 /* TextureManager.hpp */,
				9542337722E2013E00F02F10 /* GameObject.cpp */,
				9542337822E2013E00F02F10 /* GameObject.hpp */,
				9542337A22E23D3900F02F10 /* Map.cpp */,
				9542337B22E23D3900F02F10 /* Map.hpp */,
				9542338622E3BADE00F02F10 /* Vector2D.cpp */,
				9542338722E3BADE00F02F10 /* Vector2D.hpp */,
			);
			path = FunGame;
			sourceTree = "<group>";
		};
		95C53A2F22DCBD26002912C4 /* Frameworks */ = {
			isa = PBXGroup;
			children = (
				95C53A3222DE36D6002912C4 /* libSDL2_image-2.0.0.dylib */,
				95C53A3022DCBD26002912C4 /* libSDL2-2.0.0.dylib */,
			);
			name = Frameworks;
			sourceTree = "<group>";
		};
/* End PBXGroup section */

/* Begin PBXNativeTarget section */
		95C53A2422DCBB9E002912C4 /* FunGame */ = {
			isa = PBXNativeTarget;
			buildConfigurationList = 95C53A2C22DCBB9E002912C4 /* Build configuration list for PBXNativeTarget "FunGame" */;
			buildPhases = (
				95C53A2122DCBB9E002912C4 /* Sources */,
				95C53A2222DCBB9E002912C4 /* Frameworks */,
				95C53A2322DCBB9E002912C4 /* CopyFiles */,
			);
			buildRules = (
			);
			dependencies = (
			);
			name = FunGame;
			productName = FunGame;
			productReference = 95C53A2522DCBB9E002912C4 /* FunGame */;
			productType = "com.apple.product-type.tool";
		};
/* End PBXNativeTarget section */

/* Begin PBXProject section */
		95C53A1D22DCBB9E002912C4 /* Project object */ = {
			isa = PBXProject;
			attributes = {
				LastUpgradeCheck = 1020;
				ORGANIZATIONNAME = "stanley pena";
				TargetAttributes = {
					95C53A2422DCBB9E002912C4 = {
						CreatedOnToolsVersion = 10.2.1;
					};
				};
			};
			buildConfigurationList = 95C53A2022DCBB9E002912C4 /* Build configuration list for PBXProject "FunGame" */;
			compatibilityVersion = "Xcode 9.3";
			developmentRegion = en;
			hasScannedForEncodings = 0;
			knownRegions = (
				en,
			);
			mainGroup = 95C53A1C22DCBB9E002912C4;
			productRefGroup = 95C53A2622DCBB9E002912C4 /* Products */;
			projectDirPath = "";
			projectRoot = "";
			targets = (
				95C53A2422DCBB9E002912C4 /* FunGame */,
			);
		};
/* End PBXProject section */

/* Begin PBXSourcesBuildPhase section */
		95C53A2122DCBB9E002912C4 /* Sources */ = {
			isa = PBXSourcesBuildPhase;
			buildActionMask = 2147483647;
			files = (
				9542338822E3BADE00F02F10 /* Vector2D.cpp in Sources */,
				9542337922E2013E00F02F10 /* GameObject.cpp in Sources */,
				9542337C22E23D3900F02F10 /* Map.cpp in Sources */,
				95C53A2922DCBB9E002912C4 /* main.cpp in Sources */,
				9542338222E2776500F02F10 /* Components.hpp in Sources */,
				95C53A3622E0AC25002912C4 /* Game.cpp in Sources */,
				9542337622E1FD4100F02F10 /* TextureManager.cpp in Sources */,
			);
			runOnlyForDeploymentPostprocessing = 0;
		};
/* End PBXSourcesBuildPhase section */

/* Begin XCBuildConfiguration section */
		95C53A2A22DCBB9E002912C4 /* Debug */ = {
			isa = XCBuildConfiguration;
			buildSettings = {
				ALWAYS_SEARCH_USER_PATHS = NO;
				CLANG_ANALYZER_NONNULL = YES;
				CLANG_ANALYZER_NUMBER_OBJECT_CONVERSION = YES_AGGRESSIVE;
				CLANG_CXX_LANGUAGE_STANDARD = "gnu++14";
				CLANG_CXX_LIBRARY = "libc++";
				CLANG_ENABLE_MODULES = YES;
				CLANG_ENABLE_OBJC_ARC = YES;
				CLANG_ENABLE_OBJC_WEAK = YES;
				CLANG_WARN_BLOCK_CAPTURE_AUTORELEASING = YES;
				CLANG_WARN_BOOL_CONVERSION = YES;
				CLANG_WARN_COMMA = YES;
				CLANG_WARN_CONSTANT_CONVERSION = YES;
				CLANG_WARN_DEPRECATED_OBJC_IMPLEMENTATIONS = YES;
				CLANG_WARN_DIRECT_OBJC_ISA_USAGE = YES_ERROR;
				CLANG_WARN_DOCUMENTATION_COMMENTS = YES;
				CLANG_WARN_EMPTY_BODY = YES;
				CLANG_WARN_ENUM_CONVERSION = YES;
				CLANG_WARN_INFINITE_RECURSION = YES;
				CLANG_WARN_INT_CONVERSION = YES;
				CLANG_WARN_NON_LITERAL_NULL_CONVERSION = YES;
				CLANG_WARN_OBJC_IMPLICIT_RETAIN_SELF = YES;
				CLANG_WARN_OBJC_LITERAL_CONVERSION = YES;
				CLANG_WARN_OBJC_ROOT_CLASS = YES_ERROR;
				CLANG_WARN_RANGE_LOOP_ANALYSIS = YES;
				CLANG_WARN_STRICT_PROTOTYPES = YES;
				CLANG_WARN_SUSPICIOUS_MOVE = YES;
				CLANG_WARN_UNGUARDED_AVAILABILITY = YES_AGGRESSIVE;
				CLANG_WARN_UNREACHABLE_CODE = YES;
				CLANG_WARN__DUPLICATE_METHOD_MATCH = YES;
				CODE_SIGN_IDENTITY = "-";
				COPY_PHASE_STRIP = NO;
				DEBUG_INFORMATION_FORMAT = dwarf;
				ENABLE_STRICT_OBJC_MSGSEND = YES;
				ENABLE_TESTABILITY = YES;
				GCC_C_LANGUAGE_STANDARD = gnu11;
				GCC_DYNAMIC_NO_PIC = NO;
				GCC_NO_COMMON_BLOCKS = YES;
				GCC_OPTIMIZATION_LEVEL = 0;
				GCC_PREPROCESSOR_DEFINITIONS = (
					"DEBUG=1",
					"$(inherited)",
				);
				GCC_WARN_64_TO_32_BIT_CONVERSION = YES;
				GCC_WARN_ABOUT_RETURN_TYPE = YES_ERROR;
				GCC_WARN_UNDECLARED_SELECTOR = YES;
				GCC_WARN_UNINITIALIZED_AUTOS = YES_AGGRESSIVE;
				GCC_WARN_UNUSED_FUNCTION = YES;
				GCC_WARN_UNUSED_VARIABLE = YES;
				HEADER_SEARCH_PATHS = /usr/local/include;
				MACOSX_DEPLOYMENT_TARGET = 10.14;
				MTL_ENABLE_DEBUG_INFO = INCLUDE_SOURCE;
				MTL_FAST_MATH = YES;
				ONLY_ACTIVE_ARCH = YES;
				SDKROOT = macosx;
			};
			name = Debug;
		};
		95C53A2B22DCBB9E002912C4 /* Release */ = {
			isa = XCBuildConfiguration;
			buildSettings = {
				ALWAYS_SEARCH_USER_PATHS = NO;
				CLANG_ANALYZER_NONNULL = YES;
				CLANG_ANALYZER_NUMBER_OBJECT_CONVERSION = YES_AGGRESSIVE;
				CLANG_CXX_LANGUAGE_STANDARD = "gnu++14";
				CLANG_CXX_LIBRARY = "libc++";
				CLANG_ENABLE_MODULES = YES;
				CLANG_ENABLE_OBJC_ARC = YES;
				CLANG_ENABLE_OBJC_WEAK = YES;
				CLANG_WARN_BLOCK_CAPTURE_AUTORELEASING = YES;
				CLANG_WARN_BOOL_CONVERSION = YES;
				CLANG_WARN_COMMA = YES;
				CLANG_WARN_CONSTANT_CONVERSION = YES;
				CLANG_WARN_DEPRECATED_OBJC_IMPLEMENTATIONS = YES;
				CLANG_WARN_DIRECT_OBJC_ISA_USAGE = YES_ERROR;
				CLANG_WARN_DOCUMENTATION_COMMENTS = YES;
				CLANG_WARN_EMPTY_BODY = YES;
				CLANG_WARN_ENUM_CONVERSION = YES;
				CLANG_WARN_INFINITE_RECURSION = YES;
				CLANG_WARN_INT_CONVERSION = YES;
				CLANG_WARN_NON_LITERAL_NULL_CONVERSION = YES;
				CLANG_WARN_OBJC_IMPLICIT_RETAIN_SELF = YES;
				CLANG_WARN_OBJC_LITERAL_CONVERSION = YES;
				CLANG_WARN_OBJC_ROOT_CLASS = YES_ERROR;
				CLANG_WARN_RANGE_LOOP_ANALYSIS = YES;
				CLANG_WARN_STRICT_PROTOTYPES = YES;
				CLANG_WARN_SUSPICIOUS_MOVE = YES;
				CLANG_WARN_UNGUARDED_AVAILABILITY = YES_AGGRESSIVE;
				CLANG_WARN_UNREACHABLE_CODE = YES;
				CLANG_WARN__DUPLICATE_METHOD_MATCH = YES;
				CODE_SIGN_IDENTITY = "-";
				COPY_PHASE_STRIP = NO;
				DEBUG_INFORMATION_FORMAT = "dwarf-with-dsym";
				ENABLE_NS_ASSERTIONS = NO;
				ENABLE_STRICT_OBJC_MSGSEND = YES;
				GCC_C_LANGUAGE_STANDARD = gnu11;
				GCC_NO_COMMON_BLOCKS = YES;
				GCC_WARN_64_TO_32_BIT_CONVERSION = YES;
				GCC_WARN_ABOUT_RETURN_TYPE = YES_ERROR;
				GCC_WARN_UNDECLARED_SELECTOR = YES;
				GCC_WARN_UNINITIALIZED_AUTOS = YES_AGGRESSIVE;
				GCC_WARN_UNUSED_FUNCTION = YES;
				GCC_WARN_UNUSED_VARIABLE = YES;
				HEADER_SEARCH_PATHS = /usr/local/include;
				MACOSX_DEPLOYMENT_TARGET = 10.14;
				MTL_ENABLE_DEBUG_INFO = NO;
				MTL_FAST_MATH = YES;
				SDKROOT = macosx;
			};
			name = Release;
		};
		95C53A2D22DCBB9E002912C4 /* Debug */ = {
			isa = XCBuildConfiguration;
			buildSettings = {
				CODE_SIGN_STYLE = Automatic;
				LIBRARY_SEARCH_PATHS = (
					"$(inherited)",
					/usr/local/Cellar/sdl2/2.0.9_1/lib,
					/usr/local/Cellar/sdl2_image/2.0.4/lib,
				);
				PRODUCT_NAME = "$(TARGET_NAME)";
			};
			name = Debug;
		};
		95C53A2E22DCBB9E002912C4 /* Release */ = {
			isa = XCBuildConfiguration;
			buildSettings = {
				CODE_SIGN_STYLE = Automatic;
				LIBRARY_SEARCH_PATHS = (
					"$(inherited)",
					/usr/local/Cellar/sdl2/2.0.9_1/lib,
					/usr/local/Cellar/sdl2_image/2.0.4/lib,
				);
				PRODUCT_NAME = "$(TARGET_NAME)";
			};
			name = Release;
		};
/* End XCBuildConfiguration section */

/* Begin XCConfigurationList section */
		95C53A2022DCBB9E002912C4 /* Build configuration list for PBXProject "FunGame" */ = {
			isa = XCConfigurationList;
			buildConfigurations = (
				95C53A2A22DCBB9E002912C4 /* Debug */,
				95C53A2B22DCBB9E002912C4 /* Release */,
			);
			defaultConfigurationIsVisible = 0;
			defaultConfigurationName = Release;
		};
		95C53A2C22DCBB9E002912C4 /* Build configuration list for PBXNativeTarget "FunGame" */ = {
			isa = XCConfigurationList;
			buildConfigurations = (
				95C53A2D22DCBB9E002912C4 /* Debug */,
				95C53A2E22DCBB9E002912C4 /* Release */,
			);
			defaultConfigurationIsVisible = 0;
			defaultConfigurationName = Release;
		};
/* End XCConfigurationList section */
	};
	rootObject = 95C53A1D22DCBB9E002912C4 /* Project object */;
}
